// !$*UTF8*$!
{
	archiveVersion = 1;
	classes = {
	};
	objectVersion = 77;
	objects = {

/* Begin PBXContainerItemProxy section */
		D0D9395C2EA3F3A6005E359B /* PBXContainerItemProxy */ = {
			isa = PBXContainerItemProxy;
			containerPortal = D0D939462EA3F3A4005E359B /* Project object */;
			proxyType = 1;
			remoteGlobalIDString = D0D9394D2EA3F3A4005E359B;
			remoteInfo = DVTApplicationTest;
		};
		D0D939662EA3F3A6005E359B /* PBXContainerItemProxy */ = {
			isa = PBXContainerItemProxy;
			containerPortal = D0D939462EA3F3A4005E359B /* Project object */;
			proxyType = 1;
			remoteGlobalIDString = D0D9394D2EA3F3A4005E359B;
			remoteInfo = DVTApplicationTest;
		};
/* End PBXContainerItemProxy section */

/* Begin PBXFileReference section */
		D0D9394E2EA3F3A4005E359B /* DVTApplicationTest.app */ = {isa = PBXFileReference; explicitFileType = wrapper.application; includeInIndex = 0; path = DVTApplicationTest.app; sourceTree = BUILT_PRODUCTS_DIR; };
		D0D9395B2EA3F3A6005E359B /* DVTApplicationTestTests.xctest */ = {isa = PBXFileReference; explicitFileType = wrapper.cfbundle; includeInIndex = 0; path = DVTApplicationTestTests.xctest; sourceTree = BUILT_PRODUCTS_DIR; };
		D0D939652EA3F3A6005E359B /* DVTApplicationTestUITests.xctest */ = {isa = PBXFileReference; explicitFileType = wrapper.cfbundle; includeInIndex = 0; path = DVTApplicationTestUITests.xctest; sourceTree = BUILT_PRODUCTS_DIR; };
/* End PBXFileReference section */

/* Begin PBXFileSystemSynchronizedBuildFileExceptionSet section */
		D0D939C72EA51ABC005E359B /* Exceptions for "DVTApplicationTest" folder in "DVTApplicationTest" target */ = {
			isa = PBXFileSystemSynchronizedBuildFileExceptionSet;
			membershipExceptions = (
				Info.plist,
			);
			target = D0D9394D2EA3F3A4005E359B /* DVTApplicationTest */;
		};
/* End PBXFileSystemSynchronizedBuildFileExceptionSet section */

/* Begin PBXFileSystemSynchronizedRootGroup section */
		D0D939502EA3F3A4005E359B /* DVTApplicationTest */ = {
			isa = PBXFileSystemSynchronizedRootGroup;
			exceptions = (
				D0D939C72EA51ABC005E359B /* Exceptions for "DVTApplicationTest" folder in "DVTApplicationTest" target */,
			);
			path = DVTApplicationTest;
			sourceTree = "<group>";
		};
		D0D9395E2EA3F3A6005E359B /* DVTApplicationTestTests */ = {
			isa = PBXFileSystemSynchronizedRootGroup;
			path = DVTApplicationTestTests;
			sourceTree = "<group>";
		};
		D0D939682EA3F3A6005E359B /* DVTApplicationTestUITests */ = {
			isa = PBXFileSystemSynchronizedRootGroup;
			path = DVTApplicationTestUITests;
			sourceTree = "<group>";
		};
/* End PBXFileSystemSynchronizedRootGroup section */

/* Begin PBXFrameworksBuildPhase section */
		D0D9394B2EA3F3A4005E359B /* Frameworks */ = {
			isa = PBXFrameworksBuildPhase;
			buildActionMask = 2147483647;
			files = (
			);
			runOnlyForDeploymentPostprocessing = 0;
		};
		D0D939582EA3F3A6005E359B /* Frameworks */ = {
			isa = PBXFrameworksBuildPhase;
			buildActionMask = 2147483647;
			files = (
			);
			runOnlyForDeploymentPostprocessing = 0;
		};
		D0D939622EA3F3A6005E359B /* Frameworks */ = {
			isa = PBXFrameworksBuildPhase;
			buildActionMask = 2147483647;
			files = (
			);
			runOnlyForDeploymentPostprocessing = 0;
		};
/* End PBXFrameworksBuildPhase section */

/* Begin PBXGroup section */
		D0D939452EA3F3A4005E359B = {
			isa = PBXGroup;
			children = (
				D0D939502EA3F3A4005E359B /* DVTApplicationTest */,
				D0D9395E2EA3F3A6005E359B /* DVTApplicationTestTests */,
				D0D939682EA3F3A6005E359B /* DVTApplicationTestUITests */,
				D0D9394F2EA3F3A4005E359B /* Products */,
			);
			sourceTree = "<group>";
		};
		D0D9394F2EA3F3A4005E359B /* Products */ = {
			isa = PBXGroup;
			children = (
				D0D9394E2EA3F3A4005E359B /* DVTApplicationTest.app */,
				D0D9395B2EA3F3A6005E359B /* DVTApplicationTestTests.xctest */,
				D0D939652EA3F3A6005E359B /* DVTApplicationTestUITests.xctest */,
			);
			name = Products;
			sourceTree = "<group>";
		};
/* End PBXGroup section */

/* Begin PBXNativeTarget section */
		D0D9394D2EA3F3A4005E359B /* DVTApplicationTest */ = {
			isa = PBXNativeTarget;
			buildConfigurationList = D0D9396F2EA3F3A6005E359B /* Build configuration list for PBXNativeTarget "DVTApplicationTest" */;
			buildPhases = (
				D0D9394A2EA3F3A4005E359B /* Sources */,
				D0D9394B2EA3F3A4005E359B /* Frameworks */,
				D0D9394C2EA3F3A4005E359B /* Resources */,
			);
			buildRules = (
			);
			dependencies = (
			);
			fileSystemSynchronizedGroups = (
				D0D939502EA3F3A4005E359B /* DVTApplicationTest */,
			);
			name = DVTApplicationTest;
			packageProductDependencies = (
			);
			productName = DVTApplicationTest;
			productReference = D0D9394E2EA3F3A4005E359B /* DVTApplicationTest.app */;
			productType = "com.apple.product-type.application";
		};
		D0D9395A2EA3F3A6005E359B /* DVTApplicationTestTests */ = {
			isa = PBXNativeTarget;
			buildConfigurationList = D0D939722EA3F3A6005E359B /* Build configuration list for PBXNativeTarget "DVTApplicationTestTests" */;
			buildPhases = (
				D0D939572EA3F3A6005E359B /* Sources */,
				D0D939582EA3F3A6005E359B /* Frameworks */,
				D0D939592EA3F3A6005E359B /* Resources */,
			);
			buildRules = (
			);
			dependencies = (
				D0D9395D2EA3F3A6005E359B /* PBXTargetDependency */,
			);
			fileSystemSynchronizedGroups = (
				D0D9395E2EA3F3A6005E359B /* DVTApplicationTestTests */,
			);
			name = DVTApplicationTestTests;
			packageProductDependencies = (
			);
			productName = DVTApplicationTestTests;
			productReference = D0D9395B2EA3F3A6005E359B /* DVTApplicationTestTests.xctest */;
			productType = "com.apple.product-type.bundle.unit-test";
		};
		D0D939642EA3F3A6005E359B /* DVTApplicationTestUITests */ = {
			isa = PBXNativeTarget;
			buildConfigurationList = D0D939752EA3F3A6005E359B /* Build configuration list for PBXNativeTarget "DVTApplicationTestUITests" */;
			buildPhases = (
				D0D939612EA3F3A6005E359B /* Sources */,
				D0D939622EA3F3A6005E359B /* Frameworks */,
				D0D939632EA3F3A6005E359B /* Resources */,
			);
			buildRules = (
			);
			dependencies = (
				D0D939672EA3F3A6005E359B /* PBXTargetDependency */,
			);
			fileSystemSynchronizedGroups = (
				D0D939682EA3F3A6005E359B /* DVTApplicationTestUITests */,
			);
			name = DVTApplicationTestUITests;
			packageProductDependencies = (
			);
			productName = DVTApplicationTestUITests;
			productReference = D0D939652EA3F3A6005E359B /* DVTApplicationTestUITests.xctest */;
			productType = "com.apple.product-type.bundle.ui-testing";
		};
/* End PBXNativeTarget section */

/* Begin PBXProject section */
		D0D939462EA3F3A4005E359B /* Project object */ = {
			isa = PBXProject;
			attributes = {
				BuildIndependentTargetsInParallel = 1;
				LastSwiftUpdateCheck = 2600;
				LastUpgradeCheck = 2600;
				TargetAttributes = {
					D0D9394D2EA3F3A4005E359B = {
						CreatedOnToolsVersion = 26.0.1;
					};
					D0D9395A2EA3F3A6005E359B = {
						CreatedOnToolsVersion = 26.0.1;
						TestTargetID = D0D9394D2EA3F3A4005E359B;
					};
					D0D939642EA3F3A6005E359B = {
						CreatedOnToolsVersion = 26.0.1;
						TestTargetID = D0D9394D2EA3F3A4005E359B;
					};
				};
			};
			buildConfigurationList = D0D939492EA3F3A4005E359B /* Build configuration list for PBXProject "DVTApplicationTest" */;
			developmentRegion = en;
			hasScannedForEncodings = 0;
			knownRegions = (
				en,
				Base,
			);
			mainGroup = D0D939452EA3F3A4005E359B;
			minimizedProjectReferenceProxies = 1;
			preferredProjectObjectVersion = 77;
			productRefGroup = D0D9394F2EA3F3A4005E359B /* Products */;
			projectDirPath = "";
			projectRoot = "";
			targets = (
				D0D9394D2EA3F3A4005E359B /* DVTApplicationTest */,
				D0D9395A2EA3F3A6005E359B /* DVTApplicationTestTests */,
				D0D939642EA3F3A6005E359B /* DVTApplicationTestUITests */,
			);
		};
/* End PBXProject section */

/* Begin PBXResourcesBuildPhase section */
		D0D9394C2EA3F3A4005E359B /* Resources */ = {
			isa = PBXResourcesBuildPhase;
			buildActionMask = 2147483647;
			files = (
			);
			runOnlyForDeploymentPostprocessing = 0;
		};
		D0D939592EA3F3A6005E359B /* Resources */ = {
			isa = PBXResourcesBuildPhase;
			buildActionMask = 2147483647;
			files = (
			);
			runOnlyForDeploymentPostprocessing = 0;
		};
		D0D939632EA3F3A6005E359B /* Resources */ = {
			isa = PBXResourcesBuildPhase;
			buildActionMask = 2147483647;
			files = (
			);
			runOnlyForDeploymentPostprocessing = 0;
		};
/* End PBXResourcesBuildPhase section */

/* Begin PBXSourcesBuildPhase section */
		D0D9394A2EA3F3A4005E359B /* Sources */ = {
			isa = PBXSourcesBuildPhase;
			buildActionMask = 2147483647;
			files = (
			);
			runOnlyForDeploymentPostprocessing = 0;
		};
		D0D939572EA3F3A6005E359B /* Sources */ = {
			isa = PBXSourcesBuildPhase;
			buildActionMask = 2147483647;
			files = (
			);
			runOnlyForDeploymentPostprocessing = 0;
		};
		D0D939612EA3F3A6005E359B /* Sources */ = {
			isa = PBXSourcesBuildPhase;
			buildActionMask = 2147483647;
			files = (
			);
			runOnlyForDeploymentPostprocessing = 0;
		};
/* End PBXSourcesBuildPhase section */

/* Begin PBXTargetDependency section */
		D0D9395D2EA3F3A6005E359B /* PBXTargetDependency */ = {
			isa = PBXTargetDependency;
			target = D0D9394D2EA3F3A4005E359B /* DVTApplicationTest */;
			targetProxy = D0D9395C2EA3F3A6005E359B /* PBXContainerItemProxy */;
		};
		D0D939672EA3F3A6005E359B /* PBXTargetDependency */ = {
			isa = PBXTargetDependency;
			target = D0D9394D2EA3F3A4005E359B /* DVTApplicationTest */;
			targetProxy = D0D939662EA3F3A6005E359B /* PBXContainerItemProxy */;
		};
/* End PBXTargetDependency section */

/* Begin XCBuildConfiguration section */
		D0D9396D2EA3F3A6005E359B /* Debug */ = {
			isa = XCBuildConfiguration;
			buildSettings = {
				ALWAYS_SEARCH_USER_PATHS = NO;
				ASSETCATALOG_COMPILER_GENERATE_SWIFT_ASSET_SYMBOL_EXTENSIONS = YES;
				CLANG_ANALYZER_NONNULL = YES;
				CLANG_ANALYZER_NUMBER_OBJECT_CONVERSION = YES_AGGRESSIVE;
				CLANG_CXX_LANGUAGE_STANDARD = "gnu++20";
				CLANG_ENABLE_MODULES = YES;
				CLANG_ENABLE_OBJC_ARC = YES;
				CLANG_ENABLE_OBJC_WEAK = YES;
				CLANG_WARN_BLOCK_CAPTURE_AUTORELEASING = YES;
				CLANG_WARN_BOOL_CONVERSION = YES;
				CLANG_WARN_COMMA = YES;
				CLANG_WARN_CONSTANT_CONVERSION = YES;
				CLANG_WARN_DEPRECATED_OBJC_IMPLEMENTATIONS = YES;
				CLANG_WARN_DIRECT_OBJC_ISA_USAGE = YES_ERROR;
				CLANG_WARN_DOCUMENTATION_COMMENTS = YES;
				CLANG_WARN_EMPTY_BODY = YES;
				CLANG_WARN_ENUM_CONVERSION = YES;
				CLANG_WARN_INFINITE_RECURSION = YES;
				CLANG_WARN_INT_CONVERSION = YES;
				CLANG_WARN_NON_LITERAL_NULL_CONVERSION = YES;
				CLANG_WARN_OBJC_IMPLICIT_RETAIN_SELF = YES;
				CLANG_WARN_OBJC_LITERAL_CONVERSION = YES;
				CLANG_WARN_OBJC_ROOT_CLASS = YES_ERROR;
				CLANG_WARN_QUOTED_INCLUDE_IN_FRAMEWORK_HEADER = YES;
				CLANG_WARN_RANGE_LOOP_ANALYSIS = YES;
				CLANG_WARN_STRICT_PROTOTYPES = YES;
				CLANG_WARN_SUSPICIOUS_MOVE = YES;
				CLANG_WARN_UNGUARDED_AVAILABILITY = YES_AGGRESSIVE;
				CLANG_WARN_UNREACHABLE_CODE = YES;
				CLANG_WARN__DUPLICATE_METHOD_MATCH = YES;
				COPY_PHASE_STRIP = NO;
				DEBUG_INFORMATION_FORMAT = dwarf;
				ENABLE_STRICT_OBJC_MSGSEND = YES;
				ENABLE_TESTABILITY = YES;
				ENABLE_USER_SCRIPT_SANDBOXING = YES;
				GCC_C_LANGUAGE_STANDARD = gnu17;
				GCC_DYNAMIC_NO_PIC = NO;
				GCC_NO_COMMON_BLOCKS = YES;
				GCC_OPTIMIZATION_LEVEL = 0;
				GCC_PREPROCESSOR_DEFINITIONS = (
					"DEBUG=1",
					"$(inherited)",
				);
				GCC_WARN_64_TO_32_BIT_CONVERSION = YES;
				GCC_WARN_ABOUT_RETURN_TYPE = YES_ERROR;
				GCC_WARN_UNDECLARED_SELECTOR = YES;
				GCC_WARN_UNINITIALIZED_AUTOS = YES_AGGRESSIVE;
				GCC_WARN_UNUSED_FUNCTION = YES;
				GCC_WARN_UNUSED_VARIABLE = YES;
				IPHONEOS_DEPLOYMENT_TARGET = 26.0;
				LOCALIZATION_PREFERS_STRING_CATALOGS = YES;
				MTL_ENABLE_DEBUG_INFO = INCLUDE_SOURCE;
				MTL_FAST_MATH = YES;
				ONLY_ACTIVE_ARCH = YES;
				SDKROOT = iphoneos;
				SWIFT_ACTIVE_COMPILATION_CONDITIONS = "DEBUG $(inherited)";
				SWIFT_OPTIMIZATION_LEVEL = "-Onone";
			};
			name = Debug;
		};
		D0D9396E2EA3F3A6005E359B /* Release */ = {
			isa = XCBuildConfiguration;
			buildSettings = {
				ALWAYS_SEARCH_USER_PATHS = NO;
				ASSETCATALOG_COMPILER_GENERATE_SWIFT_ASSET_SYMBOL_EXTENSIONS = YES;
				CLANG_ANALYZER_NONNULL = YES;
				CLANG_ANALYZER_NUMBER_OBJECT_CONVERSION = YES_AGGRESSIVE;
				CLANG_CXX_LANGUAGE_STANDARD = "gnu++20";
				CLANG_ENABLE_MODULES = YES;
				CLANG_ENABLE_OBJC_ARC = YES;
				CLANG_ENABLE_OBJC_WEAK = YES;
				CLANG_WARN_BLOCK_CAPTURE_AUTORELEASING = YES;
				CLANG_WARN_BOOL_CONVERSION = YES;
				CLANG_WARN_COMMA = YES;
				CLANG_WARN_CONSTANT_CONVERSION = YES;
				CLANG_WARN_DEPRECATED_OBJC_IMPLEMENTATIONS = YES;
				CLANG_WARN_DIRECT_OBJC_ISA_USAGE = YES_ERROR;
				CLANG_WARN_DOCUMENTATION_COMMENTS = YES;
				CLANG_WARN_EMPTY_BODY = YES;
				CLANG_WARN_ENUM_CONVERSION = YES;
				CLANG_WARN_INFINITE_RECURSION = YES;
				CLANG_WARN_INT_CONVERSION = YES;
				CLANG_WARN_NON_LITERAL_NULL_CONVERSION = YES;
				CLANG_WARN_OBJC_IMPLICIT_RETAIN_SELF = YES;
				CLANG_WARN_OBJC_LITERAL_CONVERSION = YES;
				CLANG_WARN_OBJC_ROOT_CLASS = YES_ERROR;
				CLANG_WARN_QUOTED_INCLUDE_IN_FRAMEWORK_HEADER = YES;
				CLANG_WARN_RANGE_LOOP_ANALYSIS = YES;
				CLANG_WARN_STRICT_PROTOTYPES = YES;
				CLANG_WARN_SUSPICIOUS_MOVE = YES;
				CLANG_WARN_UNGUARDED_AVAILABILITY = YES_AGGRESSIVE;
				CLANG_WARN_UNREACHABLE_CODE = YES;
				CLANG_WARN__DUPLICATE_METHOD_MATCH = YES;
				COPY_PHASE_STRIP = NO;
				DEBUG_INFORMATION_FORMAT = "dwarf-with-dsym";
				ENABLE_NS_ASSERTIONS = NO;
				ENABLE_STRICT_OBJC_MSGSEND = YES;
				ENABLE_USER_SCRIPT_SANDBOXING = YES;
				GCC_C_LANGUAGE_STANDARD = gnu17;
				GCC_NO_COMMON_BLOCKS = YES;
				GCC_WARN_64_TO_32_BIT_CONVERSION = YES;
				GCC_WARN_ABOUT_RETURN_TYPE = YES_ERROR;
				GCC_WARN_UNDECLARED_SELECTOR = YES;
				GCC_WARN_UNINITIALIZED_AUTOS = YES_AGGRESSIVE;
				GCC_WARN_UNUSED_FUNCTION = YES;
				GCC_WARN_UNUSED_VARIABLE = YES;
				IPHONEOS_DEPLOYMENT_TARGET = 26.0;
				LOCALIZATION_PREFERS_STRING_CATALOGS = YES;
				MTL_ENABLE_DEBUG_INFO = NO;
				MTL_FAST_MATH = YES;
				SDKROOT = iphoneos;
				SWIFT_COMPILATION_MODE = wholemodule;
				VALIDATE_PRODUCT = YES;
			};
			name = Release;
		};
		D0D939702EA3F3A6005E359B /* Debug */ = {
			isa = XCBuildConfiguration;
			buildSettings = {
				ASSETCATALOG_COMPILER_APPICON_NAME = AppIcon;
				ASSETCATALOG_COMPILER_GLOBAL_ACCENT_COLOR_NAME = AccentColor;
				ASSETCATALOG_COMPILER_INCLUDE_ALL_APPICON_ASSETS = YES;
				CODE_SIGN_STYLE = Automatic;
				CURRENT_PROJECT_VERSION = 1;
				ENABLE_PREVIEWS = YES;
				GENERATE_INFOPLIST_FILE = YES;
				INFOPLIST_FILE = DVTApplicationTest/Info.plist;
				INFOPLIST_KEY_NSLocationAlwaysAndWhenInUseUsageDescription = "We need your location to provide nearby services";
				INFOPLIST_KEY_NSLocationAlwaysUsageDescription = "We need your location to provide nearby services";
				INFOPLIST_KEY_NSLocationUsageDescription = "We need your location to provide nearby services";
				INFOPLIST_KEY_NSLocationWhenInUseUsageDescription = "We need your location to provide nearby services";
				INFOPLIST_KEY_UIApplicationSceneManifest_Generation = YES;
				INFOPLIST_KEY_UIApplicationSupportsIndirectInputEvents = YES;
				INFOPLIST_KEY_UILaunchScreen_Generation = YES;
				INFOPLIST_KEY_UILaunchStoryboardName = "Launch Screen.storyboard";
				INFOPLIST_KEY_UISupportedInterfaceOrientations_iPad = "UIInterfaceOrientationPortrait UIInterfaceOrientationPortraitUpsideDown UIInterfaceOrientationLandscapeLeft UIInterfaceOrientationLandscapeRight";
				INFOPLIST_KEY_UISupportedInterfaceOrientations_iPhone = "UIInterfaceOrientationPortrait UIInterfaceOrientationLandscapeLeft UIInterfaceOrientationLandscapeRight";
				IPHONEOS_DEPLOYMENT_TARGET = 16.6;
				LD_RUNPATH_SEARCH_PATHS = (
					"$(inherited)",
					"@executable_path/Frameworks",
				);
				MARKETING_VERSION = 1.0;
				PRODUCT_BUNDLE_IDENTIFIER = jj.jermaine55.DVTApplicationTest;
				PRODUCT_NAME = "$(TARGET_NAME)";
				STRING_CATALOG_GENERATE_SYMBOLS = YES;
				SWIFT_APPROACHABLE_CONCURRENCY = YES;
				SWIFT_DEFAULT_ACTOR_ISOLATION = MainActor;
				SWIFT_EMIT_LOC_STRINGS = YES;
				SWIFT_UPCOMING_FEATURE_MEMBER_IMPORT_VISIBILITY = YES;
				SWIFT_VERSION = 5.0;
				TARGETED_DEVICE_FAMILY = "1,2";
			};
			name = Debug;
		};
		D0D939712EA3F3A6005E359B /* Release */ = {
			isa = XCBuildConfiguration;
			buildSettings = {
				ASSETCATALOG_COMPILER_APPICON_NAME = AppIcon;
				ASSETCATALOG_COMPILER_GLOBAL_ACCENT_COLOR_NAME = AccentColor;
				ASSETCATALOG_COMPILER_INCLUDE_ALL_APPICON_ASSETS = YES;
				CODE_SIGN_STYLE = Automatic;
				CURRENT_PROJECT_VERSION = 1;
				ENABLE_PREVIEWS = YES;
				GENERATE_INFOPLIST_FILE = YES;
				INFOPLIST_FILE = DVTApplicationTest/Info.plist;
				INFOPLIST_KEY_NSLocationAlwaysAndWhenInUseUsageDescription = "We need your location to provide nearby services";
				INFOPLIST_KEY_NSLocationAlwaysUsageDescription = "We need your location to provide nearby services";
				INFOPLIST_KEY_NSLocationUsageDescription = "We need your location to provide nearby services";
				INFOPLIST_KEY_NSLocationWhenInUseUsageDescription = "We need your location to provide nearby services";
				INFOPLIST_KEY_UIApplicationSceneManifest_Generation = YES;
				INFOPLIST_KEY_UIApplicationSupportsIndirectInputEvents = YES;
				INFOPLIST_KEY_UILaunchScreen_Generation = YES;
				INFOPLIST_KEY_UILaunchStoryboardName = "Launch Screen.storyboard";
				INFOPLIST_KEY_UISupportedInterfaceOrientations_iPad = "UIInterfaceOrientationPortrait UIInterfaceOrientationPortraitUpsideDown UIInterfaceOrientationLandscapeLeft UIInterfaceOrientationLandscapeRight";
				INFOPLIST_KEY_UISupportedInterfaceOrientations_iPhone = "UIInterfaceOrientationPortrait UIInterfaceOrientationLandscapeLeft UIInterfaceOrientationLandscapeRight";
				IPHONEOS_DEPLOYMENT_TARGET = 16.6;
				LD_RUNPATH_SEARCH_PATHS = (
					"$(inherited)",
					"@executable_path/Frameworks",
				);
				MARKETING_VERSION = 1.0;
				PRODUCT_BUNDLE_IDENTIFIER = jj.jermaine55.DVTApplicationTest;
				PRODUCT_NAME = "$(TARGET_NAME)";
				STRING_CATALOG_GENERATE_SYMBOLS = YES;
				SWIFT_APPROACHABLE_CONCURRENCY = YES;
				SWIFT_DEFAULT_ACTOR_ISOLATION = MainActor;
				SWIFT_EMIT_LOC_STRINGS = YES;
				SWIFT_UPCOMING_FEATURE_MEMBER_IMPORT_VISIBILITY = YES;
				SWIFT_VERSION = 5.0;
				TARGETED_DEVICE_FAMILY = "1,2";
			};
			name = Release;
		};
		D0D939732EA3F3A6005E359B /* Debug */ = {
			isa = XCBuildConfiguration;
			buildSettings = {
				BUNDLE_LOADER = "$(TEST_HOST)";
				CODE_SIGN_STYLE = Automatic;
				CURRENT_PROJECT_VERSION = 1;
				GENERATE_INFOPLIST_FILE = YES;
				IPHONEOS_DEPLOYMENT_TARGET = 26.0;
				MARKETING_VERSION = 1.0;
				PRODUCT_BUNDLE_IDENTIFIER = jj.jermaine55.DVTApplicationTestTests;
				PRODUCT_NAME = "$(TARGET_NAME)";
				STRING_CATALOG_GENERATE_SYMBOLS = NO;
				SWIFT_APPROACHABLE_CONCURRENCY = YES;
				SWIFT_EMIT_LOC_STRINGS = NO;
				SWIFT_UPCOMING_FEATURE_MEMBER_IMPORT_VISIBILITY = YES;
				SWIFT_VERSION = 5.0;
				TARGETED_DEVICE_FAMILY = "1,2";
				TEST_HOST = "$(BUILT_PRODUCTS_DIR)/DVTApplicationTest.app/$(BUNDLE_EXECUTABLE_FOLDER_PATH)/DVTApplicationTest";
			};
			name = Debug;
		};
		D0D939742EA3F3A6005E359B /* Release */ = {
			isa = XCBuildConfiguration;
			buildSettings = {
				BUNDLE_LOADER = "$(TEST_HOST)";
				CODE_SIGN_STYLE = Automatic;
				CURRENT_PROJECT_VERSION = 1;
				GENERATE_INFOPLIST_FILE = YES;
				IPHONEOS_DEPLOYMENT_TARGET = 26.0;
				MARKETING_VERSION = 1.0;
				PRODUCT_BUNDLE_IDENTIFIER = jj.jermaine55.DVTApplicationTestTests;
				PRODUCT_NAME = "$(TARGET_NAME)";
				STRING_CATALOG_GENERATE_SYMBOLS = NO;
				SWIFT_APPROACHABLE_CONCURRENCY = YES;
				SWIFT_EMIT_LOC_STRINGS = NO;
				SWIFT_UPCOMING_FEATURE_MEMBER_IMPORT_VISIBILITY = YES;
				SWIFT_VERSION = 5.0;
				TARGETED_DEVICE_FAMILY = "1,2";
				TEST_HOST = "$(BUILT_PRODUCTS_DIR)/DVTApplicationTest.app/$(BUNDLE_EXECUTABLE_FOLDER_PATH)/DVTApplicationTest";
			};
			name = Release;
		};
		D0D939762EA3F3A6005E359B /* Debug */ = {
			isa = XCBuildConfiguration;
			buildSettings = {
				CODE_SIGN_STYLE = Automatic;
				CURRENT_PROJECT_VERSION = 1;
				GENERATE_INFOPLIST_FILE = YES;
				MARKETING_VERSION = 1.0;
				PRODUCT_BUNDLE_IDENTIFIER = jj.jermaine55.DVTApplicationTestUITests;
				PRODUCT_NAME = "$(TARGET_NAME)";
				STRING_CATALOG_GENERATE_SYMBOLS = NO;
				SWIFT_APPROACHABLE_CONCURRENCY = YES;
				SWIFT_EMIT_LOC_STRINGS = NO;
				SWIFT_UPCOMING_FEATURE_MEMBER_IMPORT_VISIBILITY = YES;
				SWIFT_VERSION = 5.0;
				TARGETED_DEVICE_FAMILY = "1,2";
				TEST_TARGET_NAME = DVTApplicationTest;
			};
			name = Debug;
		};
		D0D939772EA3F3A6005E359B /* Release */ = {
			isa = XCBuildConfiguration;
			buildSettings = {
				CODE_SIGN_STYLE = Automatic;
				CURRENT_PROJECT_VERSION = 1;
				GENERATE_INFOPLIST_FILE = YES;
				MARKETING_VERSION = 1.0;
				PRODUCT_BUNDLE_IDENTIFIER = jj.jermaine55.DVTApplicationTestUITests;
				PRODUCT_NAME = "$(TARGET_NAME)";
				STRING_CATALOG_GENERATE_SYMBOLS = NO;
				SWIFT_APPROACHABLE_CONCURRENCY = YES;
				SWIFT_EMIT_LOC_STRINGS = NO;
				SWIFT_UPCOMING_FEATURE_MEMBER_IMPORT_VISIBILITY = YES;
				SWIFT_VERSION = 5.0;
				TARGETED_DEVICE_FAMILY = "1,2";
				TEST_TARGET_NAME = DVTApplicationTest;
			};
			name = Release;
		};
/* End XCBuildConfiguration section */

/* Begin XCConfigurationList section */
		D0D939492EA3F3A4005E359B /* Build configuration list for PBXProject "DVTApplicationTest" */ = {
			isa = XCConfigurationList;
			buildConfigurations = (
				D0D9396D2EA3F3A6005E359B /* Debug */,
				D0D9396E2EA3F3A6005E359B /* Release */,
			);
			defaultConfigurationIsVisible = 0;
			defaultConfigurationName = Release;
		};
		D0D9396F2EA3F3A6005E359B /* Build configuration list for PBXNativeTarget "DVTApplicationTest" */ = {
			isa = XCConfigurationList;
			buildConfigurations = (
				D0D939702EA3F3A6005E359B /* Debug */,
				D0D939712EA3F3A6005E359B /* Release */,
			);
			defaultConfigurationIsVisible = 0;
			defaultConfigurationName = Release;
		};
		D0D939722EA3F3A6005E359B /* Build configuration list for PBXNativeTarget "DVTApplicationTestTests" */ = {
			isa = XCConfigurationList;
			buildConfigurations = (
				D0D939732EA3F3A6005E359B /* Debug */,
				D0D939742EA3F3A6005E359B /* Release */,
			);
			defaultConfigurationIsVisible = 0;
			defaultConfigurationName = Release;
		};
		D0D939752EA3F3A6005E359B /* Build configuration list for PBXNativeTarget "DVTApplicationTestUITests" */ = {
			isa = XCConfigurationList;
			buildConfigurations = (
				D0D939762EA3F3A6005E359B /* Debug */,
				D0D939772EA3F3A6005E359B /* Release */,
			);
			defaultConfigurationIsVisible = 0;
			defaultConfigurationName = Release;
		};
/* End XCConfigurationList section */
	};
	rootObject = D0D939462EA3F3A4005E359B /* Project object */;
}
